
Microsoft Visual Studio Solution File, Format Version 12.00
# Visual Studio Version 16
VisualStudioVersion = 16.0.30320.27
MinimumVisualStudioVersion = 10.0.40219.1
Project("{FAE04EC0-301F-11D3-BF4B-00C04F79EFBC}") = "LINQListColdWeather", "LINQListColdWeather.csproj", "{BC54D36C-7D67-41C5-A1CE-38991FA5CC40}"
EndProject
Global
	GlobalSection(SolutionConfigurationPlatforms) = preSolution
		Debug|Any CPU = Debug|Any CPU
		Release|Any CPU = Release|Any CPU
	EndGlobalSection
	GlobalSection(ProjectConfigurationPlatforms) = postSolution
		{BC54D36C-7D67-41C5-A1CE-38991FA5CC40}.Debug|Any CPU.ActiveCfg = Debug|Any CPU
		{BC54D36C-7D67-41C5-A1CE-38991FA5CC40}.Debug|Any CPU.Build.0 = Debug|Any CPU
		{BC54D36C-7D67-41C5-A1CE-38991FA5CC40}.Release|Any CPU.ActiveCfg = Release|Any CPU
		{BC54D36C-7D67-41C5-A1CE-38991FA5CC40}.Release|Any CPU.Build.0 = Release|Any CPU
	EndGlobalSection
	GlobalSection(SolutionProperties) = preSolution
		HideSolutionNode = FALSE
	EndGlobalSection
	GlobalSection(ExtensibilityGlobals) = postSolution
		SolutionGuid = {011C369A-1AFF-4811-8D22-C7CFD1173360}
	EndGlobalSection
EndGlobal
